
Microsoft Visual Studio Solution File, Format Version 12.00
# Visual Studio Version 17
VisualStudioVersion = 17.9.34701.34
MinimumVisualStudioVersion = 10.0.40219.1
Project("{9A19103F-16F7-4668-BE54-9A1E7A4F7556}") = "LISCalculatorTests", "LISCalculatorTests\LISCalculatorTests.csproj", "{21950E59-2977-4A9E-8FCF-EAA2B0D630E3}"
EndProject
Project("{9A19103F-16F7-4668-BE54-9A1E7A4F7556}") = "LISCalculator", "LISCalculator\LISCalculator.csproj", "{280ED80F-3AAD-4371-B4F4-D08E3E092256}"
EndProject
Global
	GlobalSection(SolutionConfigurationPlatforms) = preSolution
		Debug|Any CPU = Debug|Any CPU
		Release|Any CPU = Release|Any CPU
	EndGlobalSection
	GlobalSection(ProjectConfigurationPlatforms) = postSolution
		{21950E59-2977-4A9E-8FCF-EAA2B0D630E3}.Debug|Any CPU.ActiveCfg = Debug|Any CPU
		{21950E59-2977-4A9E-8FCF-EAA2B0D630E3}.Debug|Any CPU.Build.0 = Debug|Any CPU
		{21950E59-2977-4A9E-8FCF-EAA2B0D630E3}.Release|Any CPU.ActiveCfg = Release|Any CPU
		{21950E59-2977-4A9E-8FCF-EAA2B0D630E3}.Release|Any CPU.Build.0 = Release|Any CPU
		{280ED80F-3AAD-4371-B4F4-D08E3E092256}.Debug|Any CPU.ActiveCfg = Debug|Any CPU
		{280ED80F-3AAD-4371-B4F4-D08E3E092256}.Debug|Any CPU.Build.0 = Debug|Any CPU
		{280ED80F-3AAD-4371-B4F4-D08E3E092256}.Release|Any CPU.ActiveCfg = Release|Any CPU
		{280ED80F-3AAD-4371-B4F4-D08E3E092256}.Release|Any CPU.Build.0 = Release|Any CPU
	EndGlobalSection
	GlobalSection(SolutionProperties) = preSolution
		HideSolutionNode = FALSE
	EndGlobalSection
	GlobalSection(ExtensibilityGlobals) = postSolution
		SolutionGuid = {3C0022AD-8177-45C4-93D8-26DD2ED54125}
	EndGlobalSection
EndGlobal
